
Microsoft Visual Studio Solution File, Format Version 12.00
# Visual Studio Version 17
VisualStudioVersion = 17.4.33122.133
MinimumVisualStudioVersion = 10.0.40219.1
Project("{FAE04EC0-301F-11D3-BF4B-00C04F79EFBC}") = "PRESUTOT", "PRESUTOT\PRESUTOT.csproj", "{EB510146-9307-4729-BF68-CEEC262F2E29}"
EndProject
Global
	GlobalSection(SolutionConfigurationPlatforms) = preSolution
		Debug|Any CPU = Debug|Any CPU
		Release|Any CPU = Release|Any CPU
	EndGlobalSection
	GlobalSection(ProjectConfigurationPlatforms) = postSolution
		{EB510146-9307-4729-BF68-CEEC262F2E29}.Debug|Any CPU.ActiveCfg = Debug|Any CPU
		{EB510146-9307-4729-BF68-CEEC262F2E29}.Debug|Any CPU.Build.0 = Debug|Any CPU
		{EB510146-9307-4729-BF68-CEEC262F2E29}.Release|Any CPU.ActiveCfg = Release|Any CPU
		{EB510146-9307-4729-BF68-CEEC262F2E29}.Release|Any CPU.Build.0 = Release|Any CPU
	EndGlobalSection
	GlobalSection(SolutionProperties) = preSolution
		HideSolutionNode = FALSE
	EndGlobalSection
	GlobalSection(ExtensibilityGlobals) = postSolution
		SolutionGuid = {C9CB846C-FE61-494A-9F72-8E6A112918F8}
	EndGlobalSection
EndGlobal
